
Microsoft Visual Studio Solution File, Format Version 12.00
# Visual Studio Version 16
VisualStudioVersion = 16.0.30717.126
MinimumVisualStudioVersion = 10.0.40219.1
Project("{FAE04EC0-301F-11D3-BF4B-00C04F79EFBC}") = "lesson8task1", "lesson8task1\lesson8task1.csproj", "{53D68C68-9925-4CA9-B248-9F3938D28042}"
EndProject
Project("{FAE04EC0-301F-11D3-BF4B-00C04F79EFBC}") = "lesson8task2", "lesson8task2\lesson8task2.csproj", "{59206878-7D9E-44B8-8307-CB24696DE66A}"
EndProject
Global
	GlobalSection(SolutionConfigurationPlatforms) = preSolution
		Debug|Any CPU = Debug|Any CPU
		Release|Any CPU = Release|Any CPU
	EndGlobalSection
	GlobalSection(ProjectConfigurationPlatforms) = postSolution
		{53D68C68-9925-4CA9-B248-9F3938D28042}.Debug|Any CPU.ActiveCfg = Debug|Any CPU
		{53D68C68-9925-4CA9-B248-9F3938D28042}.Debug|Any CPU.Build.0 = Debug|Any CPU
		{53D68C68-9925-4CA9-B248-9F3938D28042}.Release|Any CPU.ActiveCfg = Release|Any CPU
		{53D68C68-9925-4CA9-B248-9F3938D28042}.Release|Any CPU.Build.0 = Release|Any CPU
		{59206878-7D9E-44B8-8307-CB24696DE66A}.Debug|Any CPU.ActiveCfg = Debug|Any CPU
		{59206878-7D9E-44B8-8307-CB24696DE66A}.Debug|Any CPU.Build.0 = Debug|Any CPU
		{59206878-7D9E-44B8-8307-CB24696DE66A}.Release|Any CPU.ActiveCfg = Release|Any CPU
		{59206878-7D9E-44B8-8307-CB24696DE66A}.Release|Any CPU.Build.0 = Release|Any CPU
	EndGlobalSection
	GlobalSection(SolutionProperties) = preSolution
		HideSolutionNode = FALSE
	EndGlobalSection
	GlobalSection(ExtensibilityGlobals) = postSolution
		SolutionGuid = {FFE4ED67-39DB-4D21-9DA5-89F047A3492E}
	EndGlobalSection
EndGlobal
