
Microsoft Visual Studio Solution File, Format Version 12.00
# Visual Studio Version 16
VisualStudioVersion = 16.0.30907.101
MinimumVisualStudioVersion = 10.0.40219.1
Project("{FAE04EC0-301F-11D3-BF4B-00C04F79EFBC}") = "lesson4task1", "lesson4task1\lesson4task1.csproj", "{BED321E6-DEB0-4465-A61F-E72A4E084A83}"
EndProject
Project("{FAE04EC0-301F-11D3-BF4B-00C04F79EFBC}") = "lesson4task2", "lesson4task2\lesson4task2.csproj", "{4447D989-AFC5-4A54-B2C3-A06D8E751450}"
EndProject
Global
	GlobalSection(SolutionConfigurationPlatforms) = preSolution
		Debug|Any CPU = Debug|Any CPU
		Release|Any CPU = Release|Any CPU
	EndGlobalSection
	GlobalSection(ProjectConfigurationPlatforms) = postSolution
		{BED321E6-DEB0-4465-A61F-E72A4E084A83}.Debug|Any CPU.ActiveCfg = Debug|Any CPU
		{BED321E6-DEB0-4465-A61F-E72A4E084A83}.Debug|Any CPU.Build.0 = Debug|Any CPU
		{BED321E6-DEB0-4465-A61F-E72A4E084A83}.Release|Any CPU.ActiveCfg = Release|Any CPU
		{BED321E6-DEB0-4465-A61F-E72A4E084A83}.Release|Any CPU.Build.0 = Release|Any CPU
		{4447D989-AFC5-4A54-B2C3-A06D8E751450}.Debug|Any CPU.ActiveCfg = Debug|Any CPU
		{4447D989-AFC5-4A54-B2C3-A06D8E751450}.Debug|Any CPU.Build.0 = Debug|Any CPU
		{4447D989-AFC5-4A54-B2C3-A06D8E751450}.Release|Any CPU.ActiveCfg = Release|Any CPU
		{4447D989-AFC5-4A54-B2C3-A06D8E751450}.Release|Any CPU.Build.0 = Release|Any CPU
	EndGlobalSection
	GlobalSection(SolutionProperties) = preSolution
		HideSolutionNode = FALSE
	EndGlobalSection
	GlobalSection(ExtensibilityGlobals) = postSolution
		SolutionGuid = {26720842-6A31-4379-9654-92977E790CC5}
	EndGlobalSection
EndGlobal
